
Microsoft Visual Studio Solution File, Format Version 12.00
# Visual Studio Version 18
VisualStudioVersion = 18.5.11716.220 stable
MinimumVisualStudioVersion = 10.0.40219.1
Project("{FAE04EC0-301F-11D3-BF4B-00C04F79EFBC}") = "MinToTray", "MinToTray\MinToTray.csproj", "{387A8992-9707-4185-B790-637B7E3553DD}"
EndProject
Project("{FAE04EC0-301F-11D3-BF4B-00C04F79EFBC}") = "Stroke", "..\Stroke\Stroke\Stroke.csproj", "{4BF7E1C7-8683-47A3-99FF-76ECEDA97BB4}"
EndProject
Global
	GlobalSection(SolutionConfigurationPlatforms) = preSolution
		Debug|Any CPU = Debug|Any CPU
		Release|Any CPU = Release|Any CPU
	EndGlobalSection
	GlobalSection(ProjectConfigurationPlatforms) = postSolution
		{387A8992-9707-4185-B790-637B7E3553DD}.Debug|Any CPU.ActiveCfg = Debug|Any CPU
		{387A8992-9707-4185-B790-637B7E3553DD}.Debug|Any CPU.Build.0 = Debug|Any CPU
		{387A8992-9707-4185-B790-637B7E3553DD}.Release|Any CPU.ActiveCfg = Release|Any CPU
		{387A8992-9707-4185-B790-637B7E3553DD}.Release|Any CPU.Build.0 = Release|Any CPU
		{4BF7E1C7-8683-47A3-99FF-76ECEDA97BB4}.Debug|Any CPU.ActiveCfg = Debug|Any CPU
		{4BF7E1C7-8683-47A3-99FF-76ECEDA97BB4}.Debug|Any CPU.Build.0 = Debug|Any CPU
		{4BF7E1C7-8683-47A3-99FF-76ECEDA97BB4}.Release|Any CPU.ActiveCfg = Release|Any CPU
		{4BF7E1C7-8683-47A3-99FF-76ECEDA97BB4}.Release|Any CPU.Build.0 = Release|Any CPU
	EndGlobalSection
	GlobalSection(SolutionProperties) = preSolution
		HideSolutionNode = FALSE
	EndGlobalSection
	GlobalSection(ExtensibilityGlobals) = postSolution
		SolutionGuid = {FEA9AA38-28C5-4FEF-B570-4FA2ED5A57A1}
	EndGlobalSection
EndGlobal
