
Microsoft Visual Studio Solution File, Format Version 12.00
# Visual Studio Version 18
VisualStudioVersion = 18.5.11716.220 stable
MinimumVisualStudioVersion = 10.0.40219.1
Project("{FAE04EC0-301F-11D3-BF4B-00C04F79EFBC}") = "TrayIcon", "TrayIcon\TrayIcon.csproj", "{7E15990F-1A22-427E-9F00-D22D68372FF2}"
EndProject
Project("{FAE04EC0-301F-11D3-BF4B-00C04F79EFBC}") = "Stroke", "..\Stroke\Stroke\Stroke.csproj", "{4BF7E1C7-8683-47A3-99FF-76ECEDA97BB4}"
EndProject
Global
	GlobalSection(SolutionConfigurationPlatforms) = preSolution
		Debug|Any CPU = Debug|Any CPU
		Release|Any CPU = Release|Any CPU
	EndGlobalSection
	GlobalSection(ProjectConfigurationPlatforms) = postSolution
		{7E15990F-1A22-427E-9F00-D22D68372FF2}.Debug|Any CPU.ActiveCfg = Debug|Any CPU
		{7E15990F-1A22-427E-9F00-D22D68372FF2}.Debug|Any CPU.Build.0 = Debug|Any CPU
		{7E15990F-1A22-427E-9F00-D22D68372FF2}.Release|Any CPU.ActiveCfg = Release|Any CPU
		{7E15990F-1A22-427E-9F00-D22D68372FF2}.Release|Any CPU.Build.0 = Release|Any CPU
		{4BF7E1C7-8683-47A3-99FF-76ECEDA97BB4}.Debug|Any CPU.ActiveCfg = Debug|Any CPU
		{4BF7E1C7-8683-47A3-99FF-76ECEDA97BB4}.Debug|Any CPU.Build.0 = Debug|Any CPU
		{4BF7E1C7-8683-47A3-99FF-76ECEDA97BB4}.Release|Any CPU.ActiveCfg = Release|Any CPU
		{4BF7E1C7-8683-47A3-99FF-76ECEDA97BB4}.Release|Any CPU.Build.0 = Release|Any CPU
	EndGlobalSection
	GlobalSection(SolutionProperties) = preSolution
		HideSolutionNode = FALSE
	EndGlobalSection
	GlobalSection(ExtensibilityGlobals) = postSolution
		SolutionGuid = {7362E89F-1065-4E49-A7A0-6BB67057A885}
	EndGlobalSection
EndGlobal
