
Microsoft Visual Studio Solution File, Format Version 12.00
# Visual Studio Version 18
VisualStudioVersion = 18.5.11716.220 stable
MinimumVisualStudioVersion = 10.0.40219.1
Project("{FAE04EC0-301F-11D3-BF4B-00C04F79EFBC}") = "TranslateMate", "TranslateMate\TranslateMate.csproj", "{458B005F-0390-43EE-97C8-43907E3E5D81}"
EndProject
Global
	GlobalSection(SolutionConfigurationPlatforms) = preSolution
		Debug|Any CPU = Debug|Any CPU
		Release|Any CPU = Release|Any CPU
	EndGlobalSection
	GlobalSection(ProjectConfigurationPlatforms) = postSolution
		{458B005F-0390-43EE-97C8-43907E3E5D81}.Debug|Any CPU.ActiveCfg = Debug|Any CPU
		{458B005F-0390-43EE-97C8-43907E3E5D81}.Debug|Any CPU.Build.0 = Debug|Any CPU
		{458B005F-0390-43EE-97C8-43907E3E5D81}.Release|Any CPU.ActiveCfg = Release|Any CPU
		{458B005F-0390-43EE-97C8-43907E3E5D81}.Release|Any CPU.Build.0 = Release|Any CPU
	EndGlobalSection
	GlobalSection(SolutionProperties) = preSolution
		HideSolutionNode = FALSE
	EndGlobalSection
	GlobalSection(ExtensibilityGlobals) = postSolution
		SolutionGuid = {8099EF2A-B67A-4A3C-B71D-AF53ADBCE529}
	EndGlobalSection
EndGlobal
